
Microsoft Visual Studio Solution File, Format Version 12.00
# Visual Studio Version 16
VisualStudioVersion = 16.0.32413.511
MinimumVisualStudioVersion = 10.0.40219.1
Project("{FAE04EC0-301F-11D3-BF4B-00C04F79EFBC}") = "Length of a Concatenated String with Unique Char", "Length of a Concatenated String with Unique Char\Length of a Concatenated String with Unique Char.csproj", "{9DE6DBE0-B32E-4284-A17A-273575BC0471}"
EndProject
Global
	GlobalSection(SolutionConfigurationPlatforms) = preSolution
		Debug|Any CPU = Debug|Any CPU
		Release|Any CPU = Release|Any CPU
	EndGlobalSection
	GlobalSection(ProjectConfigurationPlatforms) = postSolution
		{9DE6DBE0-B32E-4284-A17A-273575BC0471}.Debug|Any CPU.ActiveCfg = Debug|Any CPU
		{9DE6DBE0-B32E-4284-A17A-273575BC0471}.Debug|Any CPU.Build.0 = Debug|Any CPU
		{9DE6DBE0-B32E-4284-A17A-273575BC0471}.Release|Any CPU.ActiveCfg = Release|Any CPU
		{9DE6DBE0-B32E-4284-A17A-273575BC0471}.Release|Any CPU.Build.0 = Release|Any CPU
	EndGlobalSection
	GlobalSection(SolutionProperties) = preSolution
		HideSolutionNode = FALSE
	EndGlobalSection
	GlobalSection(ExtensibilityGlobals) = postSolution
		SolutionGuid = {56BC11E7-442B-49D7-B5E6-84CC9757DF64}
	EndGlobalSection
EndGlobal
